hash: 2f1075f47c8df863bcabfbec42ce9f000dca85561e74147bb4144790d3728e43
updated: 2017-09-13T17:44:02.2041524+08:00
imports:
- name: github.com/bitly/go-simplejson
  version: da1a8928f709389522c8023062a3739f3b4af419
- name: github.com/dnaproject/gopass
  version: 3d5cac4c3c49028515a6f149131ef897100b71c2
- name: github.com/golang/crypto
  version: 459e26527287adbc2adcc5d0d49abff9a5f315a7
  subpackages:
  - ripemd160
  - ssh/terminal
- name: github.com/golang/snappy
  version: 553a641470496b2327abcac10b36396bd98e45c9
- name: github.com/gorilla/websocket
  version: a69d9f6de432e2c6b296a947d8a5ee88f68522cf
- name: github.com/itchyny/base58-go
  version: 4b24a7dfa1bfba3724ffb3598b1c6ded1cff087f
- name: github.com/pborman/uuid
  version: e790cca94e6cc75c7064b1332e63811d4aae1a53
- name: github.com/phayes/cryptoid
  version: 981f0b34ea99d930005432caccc63d7878e06ff4
- name: github.com/syndtr/goleveldb
  version: 3c5717caf1475fd25964109a0fc640bd150fce43
  subpackages:
  - leveldb
  - leveldb/cache
  - leveldb/comparer
  - leveldb/errors
  - leveldb/filter
  - leveldb/iterator
  - leveldb/journal
  - leveldb/memdb
  - leveldb/opt
  - leveldb/storage
  - leveldb/table
  - leveldb/util
- name: github.com/urfave/cli
  version: f6e8084112db1c3aa9c1e4144f024ab549ea08c1
- name: github.com/whyrusleeping/tar-utils
  version: e8a5890cfc9d59a203361237581468780d945b6e
testImports: []
